// !$*UTF8*$!
{
	archiveVersion = 1;
	classes = {
	};
	objectVersion = 55;
	objects = {

/* Begin PBXBuildFile section */
		455C93A22839035D0058FAAD /* HomeController.swift in Sources */ = {isa = PBXBuildFile; fileRef = 455C93A12839035D0058FAAD /* HomeController.swift */; };
		455C93A4283904570058FAAD /* TrackItem.swift in Sources */ = {isa = PBXBuildFile; fileRef = 455C93A3283904570058FAAD /* TrackItem.swift */; };
		455C93A8283907A00058FAAD /* PlaylistCell.swift in Sources */ = {isa = PBXBuildFile; fileRef = 455C93A7283907A00058FAAD /* PlaylistCell.swift */; };
		455C93AA283908320058FAAD /* TrackCell.swift in Sources */ = {isa = PBXBuildFile; fileRef = 455C93A9283908320058FAAD /* TrackCell.swift */; };
		455C93AD283909880058FAAD /* MenuBar.swift in Sources */ = {isa = PBXBuildFile; fileRef = 455C93AC283909880058FAAD /* MenuBar.swift */; };
		455C93AF28390D410058FAAD /* UIColor+Ext.swift in Sources */ = {isa = PBXBuildFile; fileRef = 455C93AE28390D410058FAAD /* UIColor+Ext.swift */; };
		45F435BD2838E57C00DEF659 /* TitleBarController.swift in Sources */ = {isa = PBXBuildFile; fileRef = 45F435BC2838E57C00DEF659 /* TitleBarController.swift */; };
		45F435BF2838E5B000DEF659 /* MusicViewController.swift in Sources */ = {isa = PBXBuildFile; fileRef = 45F435BE2838E5B000DEF659 /* MusicViewController.swift */; };
		45F435C12838E5CE00DEF659 /* PodcastViewController.swift in Sources */ = {isa = PBXBuildFile; fileRef = 45F435C02838E5CE00DEF659 /* PodcastViewController.swift */; };
		45F435C42838F4F700DEF659 /* UIFont+Ext.swift in Sources */ = {isa = PBXBuildFile; fileRef = 45F435C32838F4F700DEF659 /* UIFont+Ext.swift */; };
		45F435C62838F69900DEF659 /* UIViewController+Ext.swift in Sources */ = {isa = PBXBuildFile; fileRef = 45F435C52838F69900DEF659 /* UIViewController+Ext.swift */; };
		45FFDC852831846800069812 /* AppDelegate.swift in Sources */ = {isa = PBXBuildFile; fileRef = 45FFDC842831846800069812 /* AppDelegate.swift */; };
		45FFDC8E2831846900069812 /* Assets.xcassets in Resources */ = {isa = PBXBuildFile; fileRef = 45FFDC8D2831846900069812 /* Assets.xcassets */; };
		45FFDC912831846900069812 /* LaunchScreen.storyboard in Resources */ = {isa = PBXBuildFile; fileRef = 45FFDC8F2831846900069812 /* LaunchScreen.storyboard */; };
/* End PBXBuildFile section */

/* Begin PBXFileReference section */
		455C93A12839035D0058FAAD /* HomeController.swift */ = {isa = PBXFileReference; lastKnownFileType = sourcecode.swift; path = HomeController.swift; sourceTree = "<group>"; };
		455C93A3283904570058FAAD /* TrackItem.swift */ = {isa = PBXFileReference; lastKnownFileType = sourcecode.swift; path = TrackItem.swift; sourceTree = "<group>"; };
		455C93A7283907A00058FAAD /* PlaylistCell.swift */ = {isa = PBXFileReference; lastKnownFileType = sourcecode.swift; path = PlaylistCell.swift; sourceTree = "<group>"; };
		455C93A9283908320058FAAD /* TrackCell.swift */ = {isa = PBXFileReference; lastKnownFileType = sourcecode.swift; path = TrackCell.swift; sourceTree = "<group>"; };
		455C93AC283909880058FAAD /* MenuBar.swift */ = {isa = PBXFileReference; lastKnownFileType = sourcecode.swift; path = MenuBar.swift; sourceTree = "<group>"; };
		455C93AE28390D410058FAAD /* UIColor+Ext.swift */ = {isa = PBXFileReference; lastKnownFileType = sourcecode.swift; path = "UIColor+Ext.swift"; sourceTree = "<group>"; };
		45F435BC2838E57C00DEF659 /* TitleBarController.swift */ = {isa = PBXFileReference; lastKnownFileType = sourcecode.swift; path = TitleBarController.swift; sourceTree = "<group>"; };
		45F435BE2838E5B000DEF659 /* MusicViewController.swift */ = {isa = PBXFileReference; lastKnownFileType = sourcecode.swift; path = MusicViewController.swift; sourceTree = "<group>"; };
		45F435C02838E5CE00DEF659 /* PodcastViewController.swift */ = {isa = PBXFileReference; lastKnownFileType = sourcecode.swift; path = PodcastViewController.swift; sourceTree = "<group>"; };
		45F435C32838F4F700DEF659 /* UIFont+Ext.swift */ = {isa = PBXFileReference; lastKnownFileType = sourcecode.swift; path = "UIFont+Ext.swift"; sourceTree = "<group>"; };
		45F435C52838F69900DEF659 /* UIViewController+Ext.swift */ = {isa = PBXFileReference; lastKnownFileType = sourcecode.swift; path = "UIViewController+Ext.swift"; sourceTree = "<group>"; };
		45FFDC812831846800069812 /* SpotifyTabs.app */ = {isa = PBXFileReference; explicitFileType = wrapper.application; includeInIndex = 0; path = SpotifyTabs.app; sourceTree = BUILT_PRODUCTS_DIR; };
		45FFDC842831846800069812 /* AppDelegate.swift */ = {isa = PBXFileReference; lastKnownFileType = sourcecode.swift; path = AppDelegate.swift; sourceTree = "<group>"; };
		45FFDC8D2831846900069812 /* Assets.xcassets */ = {isa = PBXFileReference; lastKnownFileType = folder.assetcatalog; path = Assets.xcassets; sourceTree = "<group>"; };
		45FFDC902831846900069812 /* Base */ = {isa = PBXFileReference; lastKnownFileType = file.storyboard; name = Base; path = Base.lproj/LaunchScreen.storyboard; sourceTree = "<group>"; };
		45FFDC922831846900069812 /* Info.plist */ = {isa = PBXFileReference; lastKnownFileType = text.plist.xml; path = Info.plist; sourceTree = "<group>"; };
/* End PBXFileReference section */

/* Begin PBXFrameworksBuildPhase section */
		45FFDC7E2831846800069812 /* Frameworks */ = {
			isa = PBXFrameworksBuildPhase;
			buildActionMask = 2147483647;
			files = (
			);
			runOnlyForDeploymentPostprocessing = 0;
		};
/* End PBXFrameworksBuildPhase section */

/* Begin PBXGroup section */
		455C93A5283904680058FAAD /* Models */ = {
			isa = PBXGroup;
			children = (
				455C93A3283904570058FAAD /* TrackItem.swift */,
			);
			path = Models;
			sourceTree = "<group>";
		};
		455C93A62839077D0058FAAD /* Cells */ = {
			isa = PBXGroup;
			children = (
				455C93A7283907A00058FAAD /* PlaylistCell.swift */,
				455C93A9283908320058FAAD /* TrackCell.swift */,
			);
			path = Cells;
			sourceTree = "<group>";
		};
		455C93AB283909740058FAAD /* Views */ = {
			isa = PBXGroup;
			children = (
				455C93AC283909880058FAAD /* MenuBar.swift */,
			);
			path = Views;
			sourceTree = "<group>";
		};
		45F435BA2838E55D00DEF659 /* Screens */ = {
			isa = PBXGroup;
			children = (
				45F435BB2838E56A00DEF659 /* Main */,
			);
			path = Screens;
			sourceTree = "<group>";
		};
		45F435BB2838E56A00DEF659 /* Main */ = {
			isa = PBXGroup;
			children = (
				45F435C7283902B200DEF659 /* Home */,
				45F435BC2838E57C00DEF659 /* TitleBarController.swift */,
				45F435BE2838E5B000DEF659 /* MusicViewController.swift */,
				45F435C02838E5CE00DEF659 /* PodcastViewController.swift */,
			);
			path = Main;
			sourceTree = "<group>";
		};
		45F435C22838F4CF00DEF659 /* Extension */ = {
			isa = PBXGroup;
			children = (
				45F435C32838F4F700DEF659 /* UIFont+Ext.swift */,
				45F435C52838F69900DEF659 /* UIViewController+Ext.swift */,
				455C93AE28390D410058FAAD /* UIColor+Ext.swift */,
			);
			path = Extension;
			sourceTree = "<group>";
		};
		45F435C7283902B200DEF659 /* Home */ = {
			isa = PBXGroup;
			children = (
				455C93A12839035D0058FAAD /* HomeController.swift */,
				455C93A5283904680058FAAD /* Models */,
				455C93AB283909740058FAAD /* Views */,
				455C93A62839077D0058FAAD /* Cells */,
			);
			path = Home;
			sourceTree = "<group>";
		};
		45FFDC782831846800069812 = {
			isa = PBXGroup;
			children = (
				45FFDC832831846800069812 /* SpotifyTabs */,
				45FFDC822831846800069812 /* Products */,
			);
			sourceTree = "<group>";
		};
		45FFDC822831846800069812 /* Products */ = {
			isa = PBXGroup;
			children = (
				45FFDC812831846800069812 /* SpotifyTabs.app */,
			);
			name = Products;
			sourceTree = "<group>";
		};
		45FFDC832831846800069812 /* SpotifyTabs */ = {
			isa = PBXGroup;
			children = (
				45FFDC842831846800069812 /* AppDelegate.swift */,
				45F435C22838F4CF00DEF659 /* Extension */,
				45F435BA2838E55D00DEF659 /* Screens */,
				45FFDC98283184CD00069812 /* Files */,
			);
			path = SpotifyTabs;
			sourceTree = "<group>";
		};
		45FFDC98283184CD00069812 /* Files */ = {
			isa = PBXGroup;
			children = (
				45FFDC8D2831846900069812 /* Assets.xcassets */,
				45FFDC8F2831846900069812 /* LaunchScreen.storyboard */,
				45FFDC922831846900069812 /* Info.plist */,
			);
			path = Files;
			sourceTree = "<group>";
		};
/* End PBXGroup section */

/* Begin PBXNativeTarget section */
		45FFDC802831846800069812 /* SpotifyTabs */ = {
			isa = PBXNativeTarget;
			buildConfigurationList = 45FFDC952831846900069812 /* Build configuration list for PBXNativeTarget "SpotifyTabs" */;
			buildPhases = (
				45FFDC7D2831846800069812 /* Sources */,
				45FFDC7E2831846800069812 /* Frameworks */,
				45FFDC7F2831846800069812 /* Resources */,
			);
			buildRules = (
			);
			dependencies = (
			);
			name = SpotifyTabs;
			productName = SpotifyTabs;
			productReference = 45FFDC812831846800069812 /* SpotifyTabs.app */;
			productType = "com.apple.product-type.application";
		};
/* End PBXNativeTarget section */

/* Begin PBXProject section */
		45FFDC792831846800069812 /* Project object */ = {
			isa = PBXProject;
			attributes = {
				BuildIndependentTargetsInParallel = 1;
				LastSwiftUpdateCheck = 1320;
				LastUpgradeCheck = 1320;
				TargetAttributes = {
					45FFDC802831846800069812 = {
						CreatedOnToolsVersion = 13.2.1;
					};
				};
			};
			buildConfigurationList = 45FFDC7C2831846800069812 /* Build configuration list for PBXProject "SpotifyTabs" */;
			compatibilityVersion = "Xcode 13.0";
			developmentRegion = en;
			hasScannedForEncodings = 0;
			knownRegions = (
				en,
				Base,
			);
			mainGroup = 45FFDC782831846800069812;
			productRefGroup = 45FFDC822831846800069812 /* Products */;
			projectDirPath = "";
			projectRoot = "";
			targets = (
				45FFDC802831846800069812 /* SpotifyTabs */,
			);
		};
/* End PBXProject section */

/* Begin PBXResourcesBuildPhase section */
		45FFDC7F2831846800069812 /* Resources */ = {
			isa = PBXResourcesBuildPhase;
			buildActionMask = 2147483647;
			files = (
				45FFDC912831846900069812 /* LaunchScreen.storyboard in Resources */,
				45FFDC8E2831846900069812 /* Assets.xcassets in Resources */,
			);
			runOnlyForDeploymentPostprocessing = 0;
		};
/* End PBXResourcesBuildPhase section */

/* Begin PBXSourcesBuildPhase section */
		45FFDC7D2831846800069812 /* Sources */ = {
			isa = PBXSourcesBuildPhase;
			buildActionMask = 2147483647;
			files = (
				455C93A4283904570058FAAD /* TrackItem.swift in Sources */,
				45F435C42838F4F700DEF659 /* UIFont+Ext.swift in Sources */,
				455C93AD283909880058FAAD /* MenuBar.swift in Sources */,
				45F435BF2838E5B000DEF659 /* MusicViewController.swift in Sources */,
				455C93A8283907A00058FAAD /* PlaylistCell.swift in Sources */,
				45F435C62838F69900DEF659 /* UIViewController+Ext.swift in Sources */,
				455C93AA283908320058FAAD /* TrackCell.swift in Sources */,
				455C93A22839035D0058FAAD /* HomeController.swift in Sources */,
				45F435C12838E5CE00DEF659 /* PodcastViewController.swift in Sources */,
				455C93AF28390D410058FAAD /* UIColor+Ext.swift in Sources */,
				45FFDC852831846800069812 /* AppDelegate.swift in Sources */,
				45F435BD2838E57C00DEF659 /* TitleBarController.swift in Sources */,
			);
			runOnlyForDeploymentPostprocessing = 0;
		};
/* End PBXSourcesBuildPhase section */

/* Begin PBXVariantGroup section */
		45FFDC8F2831846900069812 /* LaunchScreen.storyboard */ = {
			isa = PBXVariantGroup;
			children = (
				45FFDC902831846900069812 /* Base */,
			);
			name = LaunchScreen.storyboard;
			sourceTree = "<group>";
		};
/* End PBXVariantGroup section */

/* Begin XCBuildConfiguration section */
		45FFDC932831846900069812 /* Debug */ = {
			isa = XCBuildConfiguration;
			buildSettings = {
				ALWAYS_SEARCH_USER_PATHS = NO;
				CLANG_ANALYZER_NONNULL = YES;
				CLANG_ANALYZER_NUMBER_OBJECT_CONVERSION = YES_AGGRESSIVE;
				CLANG_CXX_LANGUAGE_STANDARD = "gnu++17";
				CLANG_CXX_LIBRARY = "libc++";
				CLANG_ENABLE_MODULES = YES;
				CLANG_ENABLE_OBJC_ARC = YES;
				CLANG_ENABLE_OBJC_WEAK = YES;
				CLANG_WARN_BLOCK_CAPTURE_AUTORELEASING = YES;
				CLANG_WARN_BOOL_CONVERSION = YES;
				CLANG_WARN_COMMA = YES;
				CLANG_WARN_CONSTANT_CONVERSION = YES;
				CLANG_WARN_DEPRECATED_OBJC_IMPLEMENTATIONS = YES;
				CLANG_WARN_DIRECT_OBJC_ISA_USAGE = YES_ERROR;
				CLANG_WARN_DOCUMENTATION_COMMENTS = YES;
				CLANG_WARN_EMPTY_BODY = YES;
				CLANG_WARN_ENUM_CONVERSION = YES;
				CLANG_WARN_INFINITE_RECURSION = YES;
				CLANG_WARN_INT_CONVERSION = YES;
				CLANG_WARN_NON_LITERAL_NULL_CONVERSION = YES;
				CLANG_WARN_OBJC_IMPLICIT_RETAIN_SELF = YES;
				CLANG_WARN_OBJC_LITERAL_CONVERSION = YES;
				CLANG_WARN_OBJC_ROOT_CLASS = YES_ERROR;
				CLANG_WARN_QUOTED_INCLUDE_IN_FRAMEWORK_HEADER = YES;
				CLANG_WARN_RANGE_LOOP_ANALYSIS = YES;
				CLANG_WARN_STRICT_PROTOTYPES = YES;
				CLANG_WARN_SUSPICIOUS_MOVE = YES;
				CLANG_WARN_UNGUARDED_AVAILABILITY = YES_AGGRESSIVE;
				CLANG_WARN_UNREACHABLE_CODE = YES;
				CLANG_WARN__DUPLICATE_METHOD_MATCH = YES;
				COPY_PHASE_STRIP = NO;
				DEBUG_INFORMATION_FORMAT = dwarf;
				ENABLE_STRICT_OBJC_MSGSEND = YES;
				ENABLE_TESTABILITY = YES;
				GCC_C_LANGUAGE_STANDARD = gnu11;
				GCC_DYNAMIC_NO_PIC = NO;
				GCC_NO_COMMON_BLOCKS = YES;
				GCC_OPTIMIZATION_LEVEL = 0;
				GCC_PREPROCESSOR_DEFINITIONS = (
					"DEBUG=1",
					"$(inherited)",
				);
				GCC_WARN_64_TO_32_BIT_CONVERSION = YES;
				GCC_WARN_ABOUT_RETURN_TYPE = YES_ERROR;
				GCC_WARN_UNDECLARED_SELECTOR = YES;
				GCC_WARN_UNINITIALIZED_AUTOS = YES_AGGRESSIVE;
				GCC_WARN_UNUSED_FUNCTION = YES;
				GCC_WARN_UNUSED_VARIABLE = YES;
				IPHONEOS_DEPLOYMENT_TARGET = 12.0;
				MTL_ENABLE_DEBUG_INFO = INCLUDE_SOURCE;
				MTL_FAST_MATH = YES;
				ONLY_ACTIVE_ARCH = YES;
				SDKROOT = iphoneos;
				SWIFT_ACTIVE_COMPILATION_CONDITIONS = DEBUG;
				SWIFT_OPTIMIZATION_LEVEL = "-Onone";
			};
			name = Debug;
		};
		45FFDC942831846900069812 /* Release */ = {
			isa = XCBuildConfiguration;
			buildSettings = {
				ALWAYS_SEARCH_USER_PATHS = NO;
				CLANG_ANALYZER_NONNULL = YES;
				CLANG_ANALYZER_NUMBER_OBJECT_CONVERSION = YES_AGGRESSIVE;
				CLANG_CXX_LANGUAGE_STANDARD = "gnu++17";
				CLANG_CXX_LIBRARY = "libc++";
				CLANG_ENABLE_MODULES = YES;
				CLANG_ENABLE_OBJC_ARC = YES;
				CLANG_ENABLE_OBJC_WEAK = YES;
				CLANG_WARN_BLOCK_CAPTURE_AUTORELEASING = YES;
				CLANG_WARN_BOOL_CONVERSION = YES;
				CLANG_WARN_COMMA = YES;
				CLANG_WARN_CONSTANT_CONVERSION = YES;
				CLANG_WARN_DEPRECATED_OBJC_IMPLEMENTATIONS = YES;
				CLANG_WARN_DIRECT_OBJC_ISA_USAGE = YES_ERROR;
				CLANG_WARN_DOCUMENTATION_COMMENTS = YES;
				CLANG_WARN_EMPTY_BODY = YES;
				CLANG_WARN_ENUM_CONVERSION = YES;
				CLANG_WARN_INFINITE_RECURSION = YES;
				CLANG_WARN_INT_CONVERSION = YES;
				CLANG_WARN_NON_LITERAL_NULL_CONVERSION = YES;
				CLANG_WARN_OBJC_IMPLICIT_RETAIN_SELF = YES;
				CLANG_WARN_OBJC_LITERAL_CONVERSION = YES;
				CLANG_WARN_OBJC_ROOT_CLASS = YES_ERROR;
				CLANG_WARN_QUOTED_INCLUDE_IN_FRAMEWORK_HEADER = YES;
				CLANG_WARN_RANGE_LOOP_ANALYSIS = YES;
				CLANG_WARN_STRICT_PROTOTYPES = YES;
				CLANG_WARN_SUSPICIOUS_MOVE = YES;
				CLANG_WARN_UNGUARDED_AVAILABILITY = YES_AGGRESSIVE;
				CLANG_WARN_UNREACHABLE_CODE = YES;
				CLANG_WARN__DUPLICATE_METHOD_MATCH = YES;
				COPY_PHASE_STRIP = NO;
				DEBUG_INFORMATION_FORMAT = "dwarf-with-dsym";
				ENABLE_NS_ASSERTIONS = NO;
				ENABLE_STRICT_OBJC_MSGSEND = YES;
				GCC_C_LANGUAGE_STANDARD = gnu11;
				GCC_NO_COMMON_BLOCKS = YES;
				GCC_WARN_64_TO_32_BIT_CONVERSION = YES;
				GCC_WARN_ABOUT_RETURN_TYPE = YES_ERROR;
				GCC_WARN_UNDECLARED_SELECTOR = YES;
				GCC_WARN_UNINITIALIZED_AUTOS = YES_AGGRESSIVE;
				GCC_WARN_UNUSED_FUNCTION = YES;
				GCC_WARN_UNUSED_VARIABLE = YES;
				IPHONEOS_DEPLOYMENT_TARGET = 12.0;
				MTL_ENABLE_DEBUG_INFO = NO;
				MTL_FAST_MATH = YES;
				SDKROOT = iphoneos;
				SWIFT_COMPILATION_MODE = wholemodule;
				SWIFT_OPTIMIZATION_LEVEL = "-O";
				VALIDATE_PRODUCT = YES;
			};
			name = Release;
		};
		45FFDC962831846900069812 /* Debug */ = {
			isa = XCBuildConfiguration;
			buildSettings = {
				ASSETCATALOG_COMPILER_APPICON_NAME = AppIcon;
				ASSETCATALOG_COMPILER_GLOBAL_ACCENT_COLOR_NAME = AccentColor;
				CODE_SIGN_STYLE = Automatic;
				CURRENT_PROJECT_VERSION = 1;
				GENERATE_INFOPLIST_FILE = YES;
				INFOPLIST_FILE = SpotifyTabs/Info.plist;
				INFOPLIST_KEY_UIApplicationSupportsIndirectInputEvents = YES;
				INFOPLIST_KEY_UILaunchStoryboardName = LaunchScreen;
				INFOPLIST_KEY_UIStatusBarHidden = NO;
				INFOPLIST_KEY_UISupportedInterfaceOrientations = UIInterfaceOrientationPortrait;
				INFOPLIST_KEY_UISupportedInterfaceOrientations_iPad = "UIInterfaceOrientationPortrait UIInterfaceOrientationPortraitUpsideDown UIInterfaceOrientationLandscapeLeft UIInterfaceOrientationLandscapeRight";
				INFOPLIST_KEY_UISupportedInterfaceOrientations_iPhone = "UIInterfaceOrientationPortrait UIInterfaceOrientationLandscapeLeft UIInterfaceOrientationLandscapeRight";
				IPHONEOS_DEPLOYMENT_TARGET = 12.0;
				LD_RUNPATH_SEARCH_PATHS = (
					"$(inherited)",
					"@executable_path/Frameworks",
				);
				MARKETING_VERSION = 1.0;
				PRODUCT_BUNDLE_IDENTIFIER = com.borisbolsh.SpotifyTabs;
				PRODUCT_NAME = "$(TARGET_NAME)";
				SWIFT_EMIT_LOC_STRINGS = YES;
				SWIFT_VERSION = 5.0;
				TARGETED_DEVICE_FAMILY = 1;
			};
			name = Debug;
		};
		45FFDC972831846900069812 /* Release */ = {
			isa = XCBuildConfiguration;
			buildSettings = {
				ASSETCATALOG_COMPILER_APPICON_NAME = AppIcon;
				ASSETCATALOG_COMPILER_GLOBAL_ACCENT_COLOR_NAME = AccentColor;
				CODE_SIGN_STYLE = Automatic;
				CURRENT_PROJECT_VERSION = 1;
				GENERATE_INFOPLIST_FILE = YES;
				INFOPLIST_FILE = SpotifyTabs/Info.plist;
				INFOPLIST_KEY_UIApplicationSupportsIndirectInputEvents = YES;
				INFOPLIST_KEY_UILaunchStoryboardName = LaunchScreen;
				INFOPLIST_KEY_UIStatusBarHidden = NO;
				INFOPLIST_KEY_UISupportedInterfaceOrientations = UIInterfaceOrientationPortrait;
				INFOPLIST_KEY_UISupportedInterfaceOrientations_iPad = "UIInterfaceOrientationPortrait UIInterfaceOrientationPortraitUpsideDown UIInterfaceOrientationLandscapeLeft UIInterfaceOrientationLandscapeRight";
				INFOPLIST_KEY_UISupportedInterfaceOrientations_iPhone = "UIInterfaceOrientationPortrait UIInterfaceOrientationLandscapeLeft UIInterfaceOrientationLandscapeRight";
				IPHONEOS_DEPLOYMENT_TARGET = 12.0;
				LD_RUNPATH_SEARCH_PATHS = (
					"$(inherited)",
					"@executable_path/Frameworks",
				);
				MARKETING_VERSION = 1.0;
				PRODUCT_BUNDLE_IDENTIFIER = com.borisbolsh.SpotifyTabs;
				PRODUCT_NAME = "$(TARGET_NAME)";
				SWIFT_EMIT_LOC_STRINGS = YES;
				SWIFT_VERSION = 5.0;
				TARGETED_DEVICE_FAMILY = 1;
			};
			name = Release;
		};
/* End XCBuildConfiguration section */

/* Begin XCConfigurationList section */
		45FFDC7C2831846800069812 /* Build configuration list for PBXProject "SpotifyTabs" */ = {
			isa = XCConfigurationList;
			buildConfigurations = (
				45FFDC932831846900069812 /* Debug */,
				45FFDC942831846900069812 /* Release */,
			);
			defaultConfigurationIsVisible = 0;
			defaultConfigurationName = Release;
		};
		45FFDC952831846900069812 /* Build configuration list for PBXNativeTarget "SpotifyTabs" */ = {
			isa = XCConfigurationList;
			buildConfigurations = (
				45FFDC962831846900069812 /* Debug */,
				45FFDC972831846900069812 /* Release */,
			);
			defaultConfigurationIsVisible = 0;
			defaultConfigurationName = Release;
		};
/* End XCConfigurationList section */
	};
	rootObject = 45FFDC792831846800069812 /* Project object */;
}
